
Microsoft Visual Studio Solution File, Format Version 12.00
# Visual Studio Version 17
VisualStudioVersion = 17.13.35806.99 d17.13
MinimumVisualStudioVersion = 10.0.40219.1
Project("{FAE04EC0-301F-11D3-BF4B-00C04F79EFBC}") = "HerreraSierraVargasAppApuntes2", "HerreraSierraVargasAppApuntes2\HerreraSierraVargasAppApuntes2.csproj", "{BDCB67A3-6B34-4F77-88D2-9E059B6748A1}"
EndProject
Global
	GlobalSection(SolutionConfigurationPlatforms) = preSolution
		Debug|Any CPU = Debug|Any CPU
		Release|Any CPU = Release|Any CPU
	EndGlobalSection
	GlobalSection(ProjectConfigurationPlatforms) = postSolution
		{BDCB67A3-6B34-4F77-88D2-9E059B6748A1}.Debug|Any CPU.ActiveCfg = Debug|Any CPU
		{BDCB67A3-6B34-4F77-88D2-9E059B6748A1}.Debug|Any CPU.Build.0 = Debug|Any CPU
		{BDCB67A3-6B34-4F77-88D2-9E059B6748A1}.Debug|Any CPU.Deploy.0 = Debug|Any CPU
		{BDCB67A3-6B34-4F77-88D2-9E059B6748A1}.Release|Any CPU.ActiveCfg = Release|Any CPU
		{BDCB67A3-6B34-4F77-88D2-9E059B6748A1}.Release|Any CPU.Build.0 = Release|Any CPU
		{BDCB67A3-6B34-4F77-88D2-9E059B6748A1}.Release|Any CPU.Deploy.0 = Release|Any CPU
	EndGlobalSection
	GlobalSection(SolutionProperties) = preSolution
		HideSolutionNode = FALSE
	EndGlobalSection
	GlobalSection(ExtensibilityGlobals) = postSolution
		SolutionGuid = {48D525C6-664A-4C6D-83A0-C2C09A9FCC1E}
	EndGlobalSection
EndGlobal
